
Microsoft Visual Studio Solution File, Format Version 11.00
# Visual Studio 2010
Project("{FAE04EC0-301F-11D3-BF4B-00C04F79EFBC}") = "NakamaEditor", "NakamaEditor.csproj", "{639a92d9-00a3-8c4d-16f6-2f2b951f41bc}"
EndProject
Project("{FAE04EC0-301F-11D3-BF4B-00C04F79EFBC}") = "NakamaRuntime", "NakamaRuntime.csproj", "{bbb29f2c-4392-92d3-c593-09c1c56ccd77}"
EndProject
Project("{FAE04EC0-301F-11D3-BF4B-00C04F79EFBC}") = "Assembly-CSharp", "Assembly-CSharp.csproj", "{46f2fc81-9eb4-755d-3760-833afb92add9}"
EndProject
Project("{FAE04EC0-301F-11D3-BF4B-00C04F79EFBC}") = "NakamaEditor", "NakamaEditor.Player.csproj", "{6450efb2-4015-aae5-ef83-4d9af7340da7}"
EndProject
Project("{FAE04EC0-301F-11D3-BF4B-00C04F79EFBC}") = "NakamaRuntime", "NakamaRuntime.Player.csproj", "{fb2002f3-36a5-33ea-a51a-991519ec8272}"
EndProject
Project("{FAE04EC0-301F-11D3-BF4B-00C04F79EFBC}") = "Assembly-CSharp", "Assembly-CSharp.Player.csproj", "{d8637582-2225-4e6f-084f-54a2220dca0c}"
EndProject
Global
	GlobalSection(SolutionConfigurationPlatforms) = preSolution
		Debug|Any CPU = Debug|Any CPU
		Release|Any CPU = Release|Any CPU
	EndGlobalSection
	GlobalSection(ProjectConfigurationPlatforms) = postSolution
		{639a92d9-00a3-8c4d-16f6-2f2b951f41bc}.Debug|Any CPU.ActiveCfg = Debug|Any CPU
		{639a92d9-00a3-8c4d-16f6-2f2b951f41bc}.Debug|Any CPU.Build.0 = Debug|Any CPU
		{639a92d9-00a3-8c4d-16f6-2f2b951f41bc}.Release|Any CPU.ActiveCfg = Release|Any CPU
		{639a92d9-00a3-8c4d-16f6-2f2b951f41bc}.Release|Any CPU.Build.0 = Release|Any CPU
		{bbb29f2c-4392-92d3-c593-09c1c56ccd77}.Debug|Any CPU.ActiveCfg = Debug|Any CPU
		{bbb29f2c-4392-92d3-c593-09c1c56ccd77}.Debug|Any CPU.Build.0 = Debug|Any CPU
		{bbb29f2c-4392-92d3-c593-09c1c56ccd77}.Release|Any CPU.ActiveCfg = Release|Any CPU
		{bbb29f2c-4392-92d3-c593-09c1c56ccd77}.Release|Any CPU.Build.0 = Release|Any CPU
		{46f2fc81-9eb4-755d-3760-833afb92add9}.Debug|Any CPU.ActiveCfg = Debug|Any CPU
		{46f2fc81-9eb4-755d-3760-833afb92add9}.Debug|Any CPU.Build.0 = Debug|Any CPU
		{46f2fc81-9eb4-755d-3760-833afb92add9}.Release|Any CPU.ActiveCfg = Release|Any CPU
		{46f2fc81-9eb4-755d-3760-833afb92add9}.Release|Any CPU.Build.0 = Release|Any CPU
		{6450efb2-4015-aae5-ef83-4d9af7340da7}.Debug|Any CPU.ActiveCfg = Debug|Any CPU
		{6450efb2-4015-aae5-ef83-4d9af7340da7}.Debug|Any CPU.Build.0 = Debug|Any CPU
		{6450efb2-4015-aae5-ef83-4d9af7340da7}.Release|Any CPU.ActiveCfg = Release|Any CPU
		{6450efb2-4015-aae5-ef83-4d9af7340da7}.Release|Any CPU.Build.0 = Release|Any CPU
		{fb2002f3-36a5-33ea-a51a-991519ec8272}.Debug|Any CPU.ActiveCfg = Debug|Any CPU
		{fb2002f3-36a5-33ea-a51a-991519ec8272}.Debug|Any CPU.Build.0 = Debug|Any CPU
		{fb2002f3-36a5-33ea-a51a-991519ec8272}.Release|Any CPU.ActiveCfg = Release|Any CPU
		{fb2002f3-36a5-33ea-a51a-991519ec8272}.Release|Any CPU.Build.0 = Release|Any CPU
		{d8637582-2225-4e6f-084f-54a2220dca0c}.Debug|Any CPU.ActiveCfg = Debug|Any CPU
		{d8637582-2225-4e6f-084f-54a2220dca0c}.Debug|Any CPU.Build.0 = Debug|Any CPU
		{d8637582-2225-4e6f-084f-54a2220dca0c}.Release|Any CPU.ActiveCfg = Release|Any CPU
		{d8637582-2225-4e6f-084f-54a2220dca0c}.Release|Any CPU.Build.0 = Release|Any CPU
	EndGlobalSection
	GlobalSection(SolutionProperties) = preSolution
		HideSolutionNode = FALSE
	EndGlobalSection
EndGlobal
